
Microsoft Visual Studio Solution File, Format Version 12.00
# Visual Studio Version 17
VisualStudioVersion = 17.3.32804.467
MinimumVisualStudioVersion = 10.0.40219.1
Project("{9A19103F-16F7-4668-BE54-9A1E7A4F7556}") = "WebAppDETAug2022", "..\..\..\..\WebAppDETAug2022\WebAppDETAug2022\WebAppDETAug2022\WebAppDETAug2022.csproj", "{FBCCBE80-6126-4DE2-B892-89CF1223FB22}"
EndProject
Project("{9A19103F-16F7-4668-BE54-9A1E7A4F7556}") = "APIDemo", "..\..\..\..\WebAppDETAug2022\WebAppDETAug2022\APIDemo\APIDemo.csproj", "{EE5FF08F-1C03-462E-9497-D388191B51A4}"
EndProject
Project("{9A19103F-16F7-4668-BE54-9A1E7A4F7556}") = "Bank", "..\..\..\..\WebAppDETAug2022\WebAppDETAug2022\Bank\Bank.csproj", "{E3C7BD90-DBF7-4AC5-90CB-E78CF9C74079}"
EndProject
Project("{9A19103F-16F7-4668-BE54-9A1E7A4F7556}") = "BankTests", "..\..\..\..\WebAppDETAug2022\WebAppDETAug2022\BankTests\BankTests.csproj", "{B491D3A2-0C20-4AC6-B150-8D9074287829}"
EndProject
Project("{9A19103F-16F7-4668-BE54-9A1E7A4F7556}") = "ConsoleAPIClient", "..\..\..\..\WebAppDETAug2022\WebAppDETAug2022\ConsoleAPIClient\ConsoleAPIClient.csproj", "{8E353C83-55AB-4E1F-9B79-E08922191552}"
EndProject
Project("{9A19103F-16F7-4668-BE54-9A1E7A4F7556}") = "ContosoUniversity", "..\..\..\..\WebAppDETAug2022\WebAppDETAug2022\ContosoUniversity\ContosoUniversity.csproj", "{A7FBBA94-D952-4D1C-8963-7D0A87768DBC}"
EndProject
Project("{9A19103F-16F7-4668-BE54-9A1E7A4F7556}") = "ContosoUniversity1", "..\..\..\..\WebAppDETAug2022\WebAppDETAug2022\ContosoUniversity1\ContosoUniversity1.csproj", "{5FA302FB-C2CE-4AB9-BCD7-81E692F090E8}"
EndProject
Project("{9A19103F-16F7-4668-BE54-9A1E7A4F7556}") = "MvcDemo", "..\..\..\..\WebAppDETAug2022\WebAppDETAug2022\MvcDemo\MvcDemo.csproj", "{88CABBCB-7004-4AC6-8672-B1F8F77A625E}"
EndProject
Project("{9A19103F-16F7-4668-BE54-9A1E7A4F7556}") = "MyFirstUnitTests", "..\..\..\..\WebAppDETAug2022\WebAppDETAug2022\MyFirstUnitTests\MyFirstUnitTests.csproj", "{B3975548-13F7-450E-AF83-F5F612619B68}"
EndProject
Project("{9A19103F-16F7-4668-BE54-9A1E7A4F7556}") = "ODataDemo", "..\..\..\..\WebAppDETAug2022\WebAppDETAug2022\ODataDemo\ODataDemo.csproj", "{5E0B6403-741B-4A34-B07D-F6E4282A8916}"
EndProject
Project("{9A19103F-16F7-4668-BE54-9A1E7A4F7556}") = "ToDoApi", "..\..\..\..\WebAppDETAug2022\WebAppDETAug2022\ToDoApi\ToDoApi.csproj", "{DB622BC5-CAED-4473-8162-B43D25DA5540}"
EndProject
Global
	GlobalSection(SolutionConfigurationPlatforms) = preSolution
		Debug|Any CPU = Debug|Any CPU
		Release|Any CPU = Release|Any CPU
	EndGlobalSection
	GlobalSection(ProjectConfigurationPlatforms) = postSolution
		{FBCCBE80-6126-4DE2-B892-89CF1223FB22}.Debug|Any CPU.ActiveCfg = Debug|Any CPU
		{FBCCBE80-6126-4DE2-B892-89CF1223FB22}.Debug|Any CPU.Build.0 = Debug|Any CPU
		{FBCCBE80-6126-4DE2-B892-89CF1223FB22}.Release|Any CPU.ActiveCfg = Release|Any CPU
		{FBCCBE80-6126-4DE2-B892-89CF1223FB22}.Release|Any CPU.Build.0 = Release|Any CPU
		{EE5FF08F-1C03-462E-9497-D388191B51A4}.Debug|Any CPU.ActiveCfg = Debug|Any CPU
		{EE5FF08F-1C03-462E-9497-D388191B51A4}.Debug|Any CPU.Build.0 = Debug|Any CPU
		{EE5FF08F-1C03-462E-9497-D388191B51A4}.Release|Any CPU.ActiveCfg = Release|Any CPU
		{EE5FF08F-1C03-462E-9497-D388191B51A4}.Release|Any CPU.Build.0 = Release|Any CPU
		{E3C7BD90-DBF7-4AC5-90CB-E78CF9C74079}.Debug|Any CPU.ActiveCfg = Debug|Any CPU
		{E3C7BD90-DBF7-4AC5-90CB-E78CF9C74079}.Debug|Any CPU.Build.0 = Debug|Any CPU
		{E3C7BD90-DBF7-4AC5-90CB-E78CF9C74079}.Release|Any CPU.ActiveCfg = Release|Any CPU
		{E3C7BD90-DBF7-4AC5-90CB-E78CF9C74079}.Release|Any CPU.Build.0 = Release|Any CPU
		{B491D3A2-0C20-4AC6-B150-8D9074287829}.Debug|Any CPU.ActiveCfg = Debug|Any CPU
		{B491D3A2-0C20-4AC6-B150-8D9074287829}.Debug|Any CPU.Build.0 = Debug|Any CPU
		{B491D3A2-0C20-4AC6-B150-8D9074287829}.Release|Any CPU.ActiveCfg = Release|Any CPU
		{B491D3A2-0C20-4AC6-B150-8D9074287829}.Release|Any CPU.Build.0 = Release|Any CPU
		{8E353C83-55AB-4E1F-9B79-E08922191552}.Debug|Any CPU.ActiveCfg = Debug|Any CPU
		{8E353C83-55AB-4E1F-9B79-E08922191552}.Debug|Any CPU.Build.0 = Debug|Any CPU
		{8E353C83-55AB-4E1F-9B79-E08922191552}.Release|Any CPU.ActiveCfg = Release|Any CPU
		{8E353C83-55AB-4E1F-9B79-E08922191552}.Release|Any CPU.Build.0 = Release|Any CPU
		{A7FBBA94-D952-4D1C-8963-7D0A87768DBC}.Debug|Any CPU.ActiveCfg = Debug|Any CPU
		{A7FBBA94-D952-4D1C-8963-7D0A87768DBC}.Debug|Any CPU.Build.0 = Debug|Any CPU
		{A7FBBA94-D952-4D1C-8963-7D0A87768DBC}.Release|Any CPU.ActiveCfg = Release|Any CPU
		{A7FBBA94-D952-4D1C-8963-7D0A87768DBC}.Release|Any CPU.Build.0 = Release|Any CPU
		{5FA302FB-C2CE-4AB9-BCD7-81E692F090E8}.Debug|Any CPU.ActiveCfg = Debug|Any CPU
		{5FA302FB-C2CE-4AB9-BCD7-81E692F090E8}.Debug|Any CPU.Build.0 = Debug|Any CPU
		{5FA302FB-C2CE-4AB9-BCD7-81E692F090E8}.Release|Any CPU.ActiveCfg = Release|Any CPU
		{5FA302FB-C2CE-4AB9-BCD7-81E692F090E8}.Release|Any CPU.Build.0 = Release|Any CPU
		{88CABBCB-7004-4AC6-8672-B1F8F77A625E}.Debug|Any CPU.ActiveCfg = Debug|Any CPU
		{88CABBCB-7004-4AC6-8672-B1F8F77A625E}.Debug|Any CPU.Build.0 = Debug|Any CPU
		{88CABBCB-7004-4AC6-8672-B1F8F77A625E}.Release|Any CPU.ActiveCfg = Release|Any CPU
		{88CABBCB-7004-4AC6-8672-B1F8F77A625E}.Release|Any CPU.Build.0 = Release|Any CPU
		{B3975548-13F7-450E-AF83-F5F612619B68}.Debug|Any CPU.ActiveCfg = Debug|Any CPU
		{B3975548-13F7-450E-AF83-F5F612619B68}.Debug|Any CPU.Build.0 = Debug|Any CPU
		{B3975548-13F7-450E-AF83-F5F612619B68}.Release|Any CPU.ActiveCfg = Release|Any CPU
		{B3975548-13F7-450E-AF83-F5F612619B68}.Release|Any CPU.Build.0 = Release|Any CPU
		{5E0B6403-741B-4A34-B07D-F6E4282A8916}.Debug|Any CPU.ActiveCfg = Debug|Any CPU
		{5E0B6403-741B-4A34-B07D-F6E4282A8916}.Debug|Any CPU.Build.0 = Debug|Any CPU
		{5E0B6403-741B-4A34-B07D-F6E4282A8916}.Release|Any CPU.ActiveCfg = Release|Any CPU
		{5E0B6403-741B-4A34-B07D-F6E4282A8916}.Release|Any CPU.Build.0 = Release|Any CPU
		{DB622BC5-CAED-4473-8162-B43D25DA5540}.Debug|Any CPU.ActiveCfg = Debug|Any CPU
		{DB622BC5-CAED-4473-8162-B43D25DA5540}.Debug|Any CPU.Build.0 = Debug|Any CPU
		{DB622BC5-CAED-4473-8162-B43D25DA5540}.Release|Any CPU.ActiveCfg = Release|Any CPU
		{DB622BC5-CAED-4473-8162-B43D25DA5540}.Release|Any CPU.Build.0 = Release|Any CPU
	EndGlobalSection
	GlobalSection(SolutionProperties) = preSolution
		HideSolutionNode = FALSE
	EndGlobalSection
	GlobalSection(ExtensibilityGlobals) = postSolution
		SolutionGuid = {46925FB9-0814-42B5-A4AC-0200789AE365}
	EndGlobalSection
EndGlobal
